// !$*UTF8*$!
{
	archiveVersion = 1;
	classes = {
	};
	objectVersion = 50;
	objects = {

/* Begin PBXBuildFile section */
		108B5FDE20D19A4C00BA52DA /* PocketEth.swift in Sources */ = {isa = PBXBuildFile; fileRef = 108B5FDD20D19A4C00BA52DA /* PocketEth.swift */; };
		10BF3EB420D1979500B29FCF /* PocketEthTests.swift in Sources */ = {isa = PBXBuildFile; fileRef = 10BF3EB320D1979500B29FCF /* PocketEthTests.swift */; };
		A2F533EFA370F264991FE895 /* Pods_PocketEth.framework in Frameworks */ = {isa = PBXBuildFile; fileRef = 35ECCB8F87AF04311A6C42E6 /* Pods_PocketEth.framework */; };
		C43DDC933084CCD7DA0E0E81 /* Pods_PocketEthTests.framework in Frameworks */ = {isa = PBXBuildFile; fileRef = 8DCCA3E57EDA6A6ADDB31735 /* Pods_PocketEthTests.framework */; };
/* End PBXBuildFile section */

/* Begin PBXContainerItemProxy section */
		10BF3EB020D1979500B29FCF /* PBXContainerItemProxy */ = {
			isa = PBXContainerItemProxy;
			containerPortal = 10BF3E9320D1979400B29FCF /* Project object */;
			proxyType = 1;
			remoteGlobalIDString = 10BF3E9A20D1979400B29FCF;
			remoteInfo = PocketEth;
		};
/* End PBXContainerItemProxy section */

/* Begin PBXFileReference section */
		09DD1005DC012632999AEF44 /* Pods-PocketEth.release.xcconfig */ = {isa = PBXFileReference; includeInIndex = 1; lastKnownFileType = text.xcconfig; name = "Pods-PocketEth.release.xcconfig"; path = "Pods/Target Support Files/Pods-PocketEth/Pods-PocketEth.release.xcconfig"; sourceTree = "<group>"; };
		108B5FDD20D19A4C00BA52DA /* PocketEth.swift */ = {isa = PBXFileReference; lastKnownFileType = sourcecode.swift; path = PocketEth.swift; sourceTree = "<group>"; };
		108B5FDF20D19A8D00BA52DA /* PocketEth-Bridging-Header.h */ = {isa = PBXFileReference; lastKnownFileType = sourcecode.c.h; path = "PocketEth-Bridging-Header.h"; sourceTree = "<group>"; };
		10BF3E9B20D1979400B29FCF /* PocketEth.app */ = {isa = PBXFileReference; explicitFileType = wrapper.application; includeInIndex = 0; path = PocketEth.app; sourceTree = BUILT_PRODUCTS_DIR; };
		10BF3EAA20D1979500B29FCF /* Info.plist */ = {isa = PBXFileReference; lastKnownFileType = text.plist.xml; path = Info.plist; sourceTree = "<group>"; };
		10BF3EAF20D1979500B29FCF /* PocketEthTests.xctest */ = {isa = PBXFileReference; explicitFileType = wrapper.cfbundle; includeInIndex = 0; path = PocketEthTests.xctest; sourceTree = BUILT_PRODUCTS_DIR; };
		10BF3EB320D1979500B29FCF /* PocketEthTests.swift */ = {isa = PBXFileReference; lastKnownFileType = sourcecode.swift; path = PocketEthTests.swift; sourceTree = "<group>"; };
		10BF3EB520D1979600B29FCF /* Info.plist */ = {isa = PBXFileReference; lastKnownFileType = text.plist.xml; path = Info.plist; sourceTree = "<group>"; };
		35ECCB8F87AF04311A6C42E6 /* Pods_PocketEth.framework */ = {isa = PBXFileReference; explicitFileType = wrapper.framework; includeInIndex = 0; path = Pods_PocketEth.framework; sourceTree = BUILT_PRODUCTS_DIR; };
		8DCCA3E57EDA6A6ADDB31735 /* Pods_PocketEthTests.framework */ = {isa = PBXFileReference; explicitFileType = wrapper.framework; includeInIndex = 0; path = Pods_PocketEthTests.framework; sourceTree = BUILT_PRODUCTS_DIR; };
		A33B6F118DAC754812FF2677 /* Pods-PocketEthTests.debug.xcconfig */ = {isa = PBXFileReference; includeInIndex = 1; lastKnownFileType = text.xcconfig; name = "Pods-PocketEthTests.debug.xcconfig"; path = "Pods/Target Support Files/Pods-PocketEthTests/Pods-PocketEthTests.debug.xcconfig"; sourceTree = "<group>"; };
		D61C3C844C22DA92376223DA /* Pods-PocketEth.debug.xcconfig */ = {isa = PBXFileReference; includeInIndex = 1; lastKnownFileType = text.xcconfig; name = "Pods-PocketEth.debug.xcconfig"; path = "Pods/Target Support Files/Pods-PocketEth/Pods-PocketEth.debug.xcconfig"; sourceTree = "<group>"; };
		F5C54E2BEC1A07DFB5D9B30B /* Pods-PocketEthTests.release.xcconfig */ = {isa = PBXFileReference; includeInIndex = 1; lastKnownFileType = text.xcconfig; name = "Pods-PocketEthTests.release.xcconfig"; path = "Pods/Target Support Files/Pods-PocketEthTests/Pods-PocketEthTests.release.xcconfig"; sourceTree = "<group>"; };
/* End PBXFileReference section */

/* Begin PBXFrameworksBuildPhase section */
		10BF3E9820D1979400B29FCF /* Frameworks */ = {
			isa = PBXFrameworksBuildPhase;
			buildActionMask = 2147483647;
			files = (
				A2F533EFA370F264991FE895 /* Pods_PocketEth.framework in Frameworks */,
			);
			runOnlyForDeploymentPostprocessing = 0;
		};
		10BF3EAC20D1979500B29FCF /* Frameworks */ = {
			isa = PBXFrameworksBuildPhase;
			buildActionMask = 2147483647;
			files = (
				C43DDC933084CCD7DA0E0E81 /* Pods_PocketEthTests.framework in Frameworks */,
			);
			runOnlyForDeploymentPostprocessing = 0;
		};
/* End PBXFrameworksBuildPhase section */

/* Begin PBXGroup section */
		10BF3E9220D1979400B29FCF = {
			isa = PBXGroup;
			children = (
				10BF3E9D20D1979400B29FCF /* PocketEth */,
				10BF3EB220D1979500B29FCF /* PocketEthTests */,
				10BF3E9C20D1979400B29FCF /* Products */,
				41A87E2861AAF08489878B9D /* Pods */,
				D49AC11FD636C1EF2EC00582 /* Frameworks */,
			);
			sourceTree = "<group>";
		};
		10BF3E9C20D1979400B29FCF /* Products */ = {
			isa = PBXGroup;
			children = (
				10BF3E9B20D1979400B29FCF /* PocketEth.app */,
				10BF3EAF20D1979500B29FCF /* PocketEthTests.xctest */,
			);
			name = Products;
			sourceTree = "<group>";
		};
		10BF3E9D20D1979400B29FCF /* PocketEth */ = {
			isa = PBXGroup;
			children = (
				10BF3EAA20D1979500B29FCF /* Info.plist */,
				108B5FDD20D19A4C00BA52DA /* PocketEth.swift */,
				108B5FDF20D19A8D00BA52DA /* PocketEth-Bridging-Header.h */,
			);
			path = PocketEth;
			sourceTree = "<group>";
		};
		10BF3EB220D1979500B29FCF /* PocketEthTests */ = {
			isa = PBXGroup;
			children = (
				10BF3EB320D1979500B29FCF /* PocketEthTests.swift */,
				10BF3EB520D1979600B29FCF /* Info.plist */,
			);
			path = PocketEthTests;
			sourceTree = "<group>";
		};
		41A87E2861AAF08489878B9D /* Pods */ = {
			isa = PBXGroup;
			children = (
				D61C3C844C22DA92376223DA /* Pods-PocketEth.debug.xcconfig */,
				09DD1005DC012632999AEF44 /* Pods-PocketEth.release.xcconfig */,
				A33B6F118DAC754812FF2677 /* Pods-PocketEthTests.debug.xcconfig */,
				F5C54E2BEC1A07DFB5D9B30B /* Pods-PocketEthTests.release.xcconfig */,
			);
			name = Pods;
			sourceTree = "<group>";
		};
		D49AC11FD636C1EF2EC00582 /* Frameworks */ = {
			isa = PBXGroup;
			children = (
				35ECCB8F87AF04311A6C42E6 /* Pods_PocketEth.framework */,
				8DCCA3E57EDA6A6ADDB31735 /* Pods_PocketEthTests.framework */,
			);
			name = Frameworks;
			sourceTree = "<group>";
		};
/* End PBXGroup section */

/* Begin PBXNativeTarget section */
		10BF3E9A20D1979400B29FCF /* PocketEth */ = {
			isa = PBXNativeTarget;
			buildConfigurationList = 10BF3EB820D1979600B29FCF /* Build configuration list for PBXNativeTarget "PocketEth" */;
			buildPhases = (
				B377FA83C110A0F997F56412 /* [CP] Check Pods Manifest.lock */,
				10BF3E9720D1979400B29FCF /* Sources */,
				10BF3E9820D1979400B29FCF /* Frameworks */,
				10BF3E9920D1979400B29FCF /* Resources */,
				9B4DA22C66A4C33E60B9ADF6 /* [CP] Embed Pods Frameworks */,
			);
			buildRules = (
			);
			dependencies = (
			);
			name = PocketEth;
			productName = PocketEth;
			productReference = 10BF3E9B20D1979400B29FCF /* PocketEth.app */;
			productType = "com.apple.product-type.application";
		};
		10BF3EAE20D1979500B29FCF /* PocketEthTests */ = {
			isa = PBXNativeTarget;
			buildConfigurationList = 10BF3EBB20D1979600B29FCF /* Build configuration list for PBXNativeTarget "PocketEthTests" */;
			buildPhases = (
				4AE3357F3935642C99278CB1 /* [CP] Check Pods Manifest.lock */,
				10BF3EAB20D1979500B29FCF /* Sources */,
				10BF3EAC20D1979500B29FCF /* Frameworks */,
				10BF3EAD20D1979500B29FCF /* Resources */,
			);
			buildRules = (
			);
			dependencies = (
				10BF3EB120D1979500B29FCF /* PBXTargetDependency */,
			);
			name = PocketEthTests;
			productName = PocketEthTests;
			productReference = 10BF3EAF20D1979500B29FCF /* PocketEthTests.xctest */;
			productType = "com.apple.product-type.bundle.unit-test";
		};
/* End PBXNativeTarget section */

/* Begin PBXProject section */
		10BF3E9320D1979400B29FCF /* Project object */ = {
			isa = PBXProject;
			attributes = {
				LastSwiftUpdateCheck = 0940;
				LastUpgradeCheck = 0940;
				ORGANIZATIONNAME = "Luis De Leon";
				TargetAttributes = {
					10BF3E9A20D1979400B29FCF = {
						CreatedOnToolsVersion = 9.4;
						LastSwiftMigration = 0940;
					};
					10BF3EAE20D1979500B29FCF = {
						CreatedOnToolsVersion = 9.4;
						TestTargetID = 10BF3E9A20D1979400B29FCF;
					};
				};
			};
			buildConfigurationList = 10BF3E9620D1979400B29FCF /* Build configuration list for PBXProject "PocketEth" */;
			compatibilityVersion = "Xcode 9.3";
			developmentRegion = en;
			hasScannedForEncodings = 0;
			knownRegions = (
				en,
				Base,
			);
			mainGroup = 10BF3E9220D1979400B29FCF;
			productRefGroup = 10BF3E9C20D1979400B29FCF /* Products */;
			projectDirPath = "";
			projectRoot = "";
			targets = (
				10BF3E9A20D1979400B29FCF /* PocketEth */,
				10BF3EAE20D1979500B29FCF /* PocketEthTests */,
			);
		};
/* End PBXProject section */

/* Begin PBXResourcesBuildPhase section */
		10BF3E9920D1979400B29FCF /* Resources */ = {
			isa = PBXResourcesBuildPhase;
			buildActionMask = 2147483647;
			files = (
			);
			runOnlyForDeploymentPostprocessing = 0;
		};
		10BF3EAD20D1979500B29FCF /* Resources */ = {
			isa = PBXResourcesBuildPhase;
			buildActionMask = 2147483647;
			files = (
			);
			runOnlyForDeploymentPostprocessing = 0;
		};
/* End PBXResourcesBuildPhase section */

/* Begin PBXShellScriptBuildPhase section */
		4AE3357F3935642C99278CB1 /* [CP] Check Pods Manifest.lock */ = {
			isa = PBXShellScriptBuildPhase;
			buildActionMask = 2147483647;
			files = (
			);
			inputPaths = (
				"${PODS_PODFILE_DIR_PATH}/Podfile.lock",
				"${PODS_ROOT}/Manifest.lock",
			);
			name = "[CP] Check Pods Manifest.lock";
			outputPaths = (
				"$(DERIVED_FILE_DIR)/Pods-PocketEthTests-checkManifestLockResult.txt",
			);
			runOnlyForDeploymentPostprocessing = 0;
			shellPath = /bin/sh;
			shellScript = "diff \"${PODS_PODFILE_DIR_PATH}/Podfile.lock\" \"${PODS_ROOT}/Manifest.lock\" > /dev/null\nif [ $? != 0 ] ; then\n    # print error to STDERR\n    echo \"error: The sandbox is not in sync with the Podfile.lock. Run 'pod install' or update your CocoaPods installation.\" >&2\n    exit 1\nfi\n# This output is used by Xcode 'outputs' to avoid re-running this script phase.\necho \"SUCCESS\" > \"${SCRIPT_OUTPUT_FILE_0}\"\n";
			showEnvVarsInLog = 0;
		};
		9B4DA22C66A4C33E60B9ADF6 /* [CP] Embed Pods Frameworks */ = {
			isa = PBXShellScriptBuildPhase;
			buildActionMask = 2147483647;
			files = (
			);
			inputPaths = (
				"${SRCROOT}/Pods/Target Support Files/Pods-PocketEth/Pods-PocketEth-frameworks.sh",
				"${BUILT_PRODUCTS_DIR}/Alamofire/Alamofire.framework",
				"${BUILT_PRODUCTS_DIR}/Alamofire-Synchronous/Alamofire_Synchronous.framework",
				"${BUILT_PRODUCTS_DIR}/BigInt/BigInt.framework",
				"${BUILT_PRODUCTS_DIR}/CryptoSwift/CryptoSwift.framework",
				"${BUILT_PRODUCTS_DIR}/Pocket/Pocket.framework",
				"${BUILT_PRODUCTS_DIR}/Result/Result.framework",
				"${BUILT_PRODUCTS_DIR}/SipHash/SipHash.framework",
				"${BUILT_PRODUCTS_DIR}/libsodium/libsodium.framework",
				"${BUILT_PRODUCTS_DIR}/secp256k1_ios/secp256k1_ios.framework",
				"${BUILT_PRODUCTS_DIR}/web3swift/web3swift.framework",
			);
			name = "[CP] Embed Pods Frameworks";
			outputPaths = (
				"${TARGET_BUILD_DIR}/${FRAMEWORKS_FOLDER_PATH}/Alamofire.framework",
				"${TARGET_BUILD_DIR}/${FRAMEWORKS_FOLDER_PATH}/Alamofire_Synchronous.framework",
				"${TARGET_BUILD_DIR}/${FRAMEWORKS_FOLDER_PATH}/BigInt.framework",
				"${TARGET_BUILD_DIR}/${FRAMEWORKS_FOLDER_PATH}/CryptoSwift.framework",
				"${TARGET_BUILD_DIR}/${FRAMEWORKS_FOLDER_PATH}/Pocket.framework",
				"${TARGET_BUILD_DIR}/${FRAMEWORKS_FOLDER_PATH}/Result.framework",
				"${TARGET_BUILD_DIR}/${FRAMEWORKS_FOLDER_PATH}/SipHash.framework",
				"${TARGET_BUILD_DIR}/${FRAMEWORKS_FOLDER_PATH}/libsodium.framework",
				"${TARGET_BUILD_DIR}/${FRAMEWORKS_FOLDER_PATH}/secp256k1_ios.framework",
				"${TARGET_BUILD_DIR}/${FRAMEWORKS_FOLDER_PATH}/web3swift.framework",
			);
			runOnlyForDeploymentPostprocessing = 0;
			shellPath = /bin/sh;
			shellScript = "\"${SRCROOT}/Pods/Target Support Files/Pods-PocketEth/Pods-PocketEth-frameworks.sh\"\n";
			showEnvVarsInLog = 0;
		};
		B377FA83C110A0F997F56412 /* [CP] Check Pods Manifest.lock */ = {
			isa = PBXShellScriptBuildPhase;
			buildActionMask = 2147483647;
			files = (
			);
			inputPaths = (
				"${PODS_PODFILE_DIR_PATH}/Podfile.lock",
				"${PODS_ROOT}/Manifest.lock",
			);
			name = "[CP] Check Pods Manifest.lock";
			outputPaths = (
				"$(DERIVED_FILE_DIR)/Pods-PocketEth-checkManifestLockResult.txt",
			);
			runOnlyForDeploymentPostprocessing = 0;
			shellPath = /bin/sh;
			shellScript = "diff \"${PODS_PODFILE_DIR_PATH}/Podfile.lock\" \"${PODS_ROOT}/Manifest.lock\" > /dev/null\nif [ $? != 0 ] ; then\n    # print error to STDERR\n    echo \"error: The sandbox is not in sync with the Podfile.lock. Run 'pod install' or update your CocoaPods installation.\" >&2\n    exit 1\nfi\n# This output is used by Xcode 'outputs' to avoid re-running this script phase.\necho \"SUCCESS\" > \"${SCRIPT_OUTPUT_FILE_0}\"\n";
			showEnvVarsInLog = 0;
		};
/* End PBXShellScriptBuildPhase section */

/* Begin PBXSourcesBuildPhase section */
		10BF3E9720D1979400B29FCF /* Sources */ = {
			isa = PBXSourcesBuildPhase;
			buildActionMask = 2147483647;
			files = (
				108B5FDE20D19A4C00BA52DA /* PocketEth.swift in Sources */,
			);
			runOnlyForDeploymentPostprocessing = 0;
		};
		10BF3EAB20D1979500B29FCF /* Sources */ = {
			isa = PBXSourcesBuildPhase;
			buildActionMask = 2147483647;
			files = (
				10BF3EB420D1979500B29FCF /* PocketEthTests.swift in Sources */,
			);
			runOnlyForDeploymentPostprocessing = 0;
		};
/* End PBXSourcesBuildPhase section */

/* Begin PBXTargetDependency section */
		10BF3EB120D1979500B29FCF /* PBXTargetDependency */ = {
			isa = PBXTargetDependency;
			target = 10BF3E9A20D1979400B29FCF /* PocketEth */;
			targetProxy = 10BF3EB020D1979500B29FCF /* PBXContainerItemProxy */;
		};
/* End PBXTargetDependency section */

/* Begin XCBuildConfiguration section */
		10BF3EB620D1979600B29FCF /* Debug */ = {
			isa = XCBuildConfiguration;
			buildSettings = {
				ALWAYS_SEARCH_USER_PATHS = NO;
				CLANG_ANALYZER_NONNULL = YES;
				CLANG_ANALYZER_NUMBER_OBJECT_CONVERSION = YES_AGGRESSIVE;
				CLANG_CXX_LANGUAGE_STANDARD = "gnu++14";
				CLANG_CXX_LIBRARY = "libc++";
				CLANG_ENABLE_MODULES = YES;
				CLANG_ENABLE_OBJC_ARC = YES;
				CLANG_ENABLE_OBJC_WEAK = YES;
				CLANG_WARN_BLOCK_CAPTURE_AUTORELEASING = YES;
				CLANG_WARN_BOOL_CONVERSION = YES;
				CLANG_WARN_COMMA = YES;
				CLANG_WARN_CONSTANT_CONVERSION = YES;
				CLANG_WARN_DEPRECATED_OBJC_IMPLEMENTATIONS = YES;
				CLANG_WARN_DIRECT_OBJC_ISA_USAGE = YES_ERROR;
				CLANG_WARN_DOCUMENTATION_COMMENTS = YES;
				CLANG_WARN_EMPTY_BODY = YES;
				CLANG_WARN_ENUM_CONVERSION = YES;
				CLANG_WARN_INFINITE_RECURSION = YES;
				CLANG_WARN_INT_CONVERSION = YES;
				CLANG_WARN_NON_LITERAL_NULL_CONVERSION = YES;
				CLANG_WARN_OBJC_IMPLICIT_RETAIN_SELF = YES;
				CLANG_WARN_OBJC_LITERAL_CONVERSION = YES;
				CLANG_WARN_OBJC_ROOT_CLASS = YES_ERROR;
				CLANG_WARN_RANGE_LOOP_ANALYSIS = YES;
				CLANG_WARN_STRICT_PROTOTYPES = YES;
				CLANG_WARN_SUSPICIOUS_MOVE = YES;
				CLANG_WARN_UNGUARDED_AVAILABILITY = YES_AGGRESSIVE;
				CLANG_WARN_UNREACHABLE_CODE = YES;
				CLANG_WARN__DUPLICATE_METHOD_MATCH = YES;
				CODE_SIGN_IDENTITY = "iPhone Developer";
				COPY_PHASE_STRIP = NO;
				DEBUG_INFORMATION_FORMAT = dwarf;
				ENABLE_STRICT_OBJC_MSGSEND = YES;
				ENABLE_TESTABILITY = YES;
				GCC_C_LANGUAGE_STANDARD = gnu11;
				GCC_DYNAMIC_NO_PIC = NO;
				GCC_NO_COMMON_BLOCKS = YES;
				GCC_OPTIMIZATION_LEVEL = 0;
				GCC_PREPROCESSOR_DEFINITIONS = (
					"DEBUG=1",
					"$(inherited)",
				);
				GCC_WARN_64_TO_32_BIT_CONVERSION = YES;
				GCC_WARN_ABOUT_RETURN_TYPE = YES_ERROR;
				GCC_WARN_UNDECLARED_SELECTOR = YES;
				GCC_WARN_UNINITIALIZED_AUTOS = YES_AGGRESSIVE;
				GCC_WARN_UNUSED_FUNCTION = YES;
				GCC_WARN_UNUSED_VARIABLE = YES;
				IPHONEOS_DEPLOYMENT_TARGET = 11.4;
				MTL_ENABLE_DEBUG_INFO = YES;
				ONLY_ACTIVE_ARCH = YES;
				SDKROOT = iphoneos;
				SWIFT_ACTIVE_COMPILATION_CONDITIONS = DEBUG;
				SWIFT_OPTIMIZATION_LEVEL = "-Onone";
			};
			name = Debug;
		};
		10BF3EB720D1979600B29FCF /* Release */ = {
			isa = XCBuildConfiguration;
			buildSettings = {
				ALWAYS_SEARCH_USER_PATHS = NO;
				CLANG_ANALYZER_NONNULL = YES;
				CLANG_ANALYZER_NUMBER_OBJECT_CONVERSION = YES_AGGRESSIVE;
				CLANG_CXX_LANGUAGE_STANDARD = "gnu++14";
				CLANG_CXX_LIBRARY = "libc++";
				CLANG_ENABLE_MODULES = YES;
				CLANG_ENABLE_OBJC_ARC = YES;
				CLANG_ENABLE_OBJC_WEAK = YES;
				CLANG_WARN_BLOCK_CAPTURE_AUTORELEASING = YES;
				CLANG_WARN_BOOL_CONVERSION = YES;
				CLANG_WARN_COMMA = YES;
				CLANG_WARN_CONSTANT_CONVERSION = YES;
				CLANG_WARN_DEPRECATED_OBJC_IMPLEMENTATIONS = YES;
				CLANG_WARN_DIRECT_OBJC_ISA_USAGE = YES_ERROR;
				CLANG_WARN_DOCUMENTATION_COMMENTS = YES;
				CLANG_WARN_EMPTY_BODY = YES;
				CLANG_WARN_ENUM_CONVERSION = YES;
				CLANG_WARN_INFINITE_RECURSION = YES;
				CLANG_WARN_INT_CONVERSION = YES;
				CLANG_WARN_NON_LITERAL_NULL_CONVERSION = YES;
				CLANG_WARN_OBJC_IMPLICIT_RETAIN_SELF = YES;
				CLANG_WARN_OBJC_LITERAL_CONVERSION = YES;
				CLANG_WARN_OBJC_ROOT_CLASS = YES_ERROR;
				CLANG_WARN_RANGE_LOOP_ANALYSIS = YES;
				CLANG_WARN_STRICT_PROTOTYPES = YES;
				CLANG_WARN_SUSPICIOUS_MOVE = YES;
				CLANG_WARN_UNGUARDED_AVAILABILITY = YES_AGGRESSIVE;
				CLANG_WARN_UNREACHABLE_CODE = YES;
				CLANG_WARN__DUPLICATE_METHOD_MATCH = YES;
				CODE_SIGN_IDENTITY = "iPhone Developer";
				COPY_PHASE_STRIP = NO;
				DEBUG_INFORMATION_FORMAT = "dwarf-with-dsym";
				ENABLE_NS_ASSERTIONS = NO;
				ENABLE_STRICT_OBJC_MSGSEND = YES;
				GCC_C_LANGUAGE_STANDARD = gnu11;
				GCC_NO_COMMON_BLOCKS = YES;
				GCC_WARN_64_TO_32_BIT_CONVERSION = YES;
				GCC_WARN_ABOUT_RETURN_TYPE = YES_ERROR;
				GCC_WARN_UNDECLARED_SELECTOR = YES;
				GCC_WARN_UNINITIALIZED_AUTOS = YES_AGGRESSIVE;
				GCC_WARN_UNUSED_FUNCTION = YES;
				GCC_WARN_UNUSED_VARIABLE = YES;
				IPHONEOS_DEPLOYMENT_TARGET = 11.4;
				MTL_ENABLE_DEBUG_INFO = NO;
				SDKROOT = iphoneos;
				SWIFT_COMPILATION_MODE = wholemodule;
				SWIFT_OPTIMIZATION_LEVEL = "-O";
				VALIDATE_PRODUCT = YES;
			};
			name = Release;
		};
		10BF3EB920D1979600B29FCF /* Debug */ = {
			isa = XCBuildConfiguration;
			baseConfigurationReference = D61C3C844C22DA92376223DA /* Pods-PocketEth.debug.xcconfig */;
			buildSettings = {
				CLANG_ENABLE_MODULES = YES;
				CODE_SIGN_STYLE = Automatic;
				INFOPLIST_FILE = PocketEth/Info.plist;
				IPHONEOS_DEPLOYMENT_TARGET = 11.4;
				LD_RUNPATH_SEARCH_PATHS = (
					"$(inherited)",
					"@executable_path/Frameworks",
				);
				PRODUCT_BUNDLE_IDENTIFIER = network.pokt.PocketEth;
				PRODUCT_NAME = "$(TARGET_NAME)";
				SWIFT_OBJC_BRIDGING_HEADER = "PocketEth/PocketEth-Bridging-Header.h";
				SWIFT_OPTIMIZATION_LEVEL = "-Onone";
				SWIFT_VERSION = 4.0;
				TARGETED_DEVICE_FAMILY = "1,2";
			};
			name = Debug;
		};
		10BF3EBA20D1979600B29FCF /* Release */ = {
			isa = XCBuildConfiguration;
			baseConfigurationReference = 09DD1005DC012632999AEF44 /* Pods-PocketEth.release.xcconfig */;
			buildSettings = {
				CLANG_ENABLE_MODULES = YES;
				CODE_SIGN_STYLE = Automatic;
				INFOPLIST_FILE = PocketEth/Info.plist;
				IPHONEOS_DEPLOYMENT_TARGET = 11.4;
				LD_RUNPATH_SEARCH_PATHS = (
					"$(inherited)",
					"@executable_path/Frameworks",
				);
				PRODUCT_BUNDLE_IDENTIFIER = network.pokt.PocketEth;
				PRODUCT_NAME = "$(TARGET_NAME)";
				SWIFT_OBJC_BRIDGING_HEADER = "PocketEth/PocketEth-Bridging-Header.h";
				SWIFT_VERSION = 4.0;
				TARGETED_DEVICE_FAMILY = "1,2";
			};
			name = Release;
		};
		10BF3EBC20D1979600B29FCF /* Debug */ = {
			isa = XCBuildConfiguration;
			baseConfigurationReference = A33B6F118DAC754812FF2677 /* Pods-PocketEthTests.debug.xcconfig */;
			buildSettings = {
				ALWAYS_EMBED_SWIFT_STANDARD_LIBRARIES = YES;
				BUNDLE_LOADER = "$(TEST_HOST)";
				CODE_SIGN_STYLE = Automatic;
				INFOPLIST_FILE = PocketEthTests/Info.plist;
				LD_RUNPATH_SEARCH_PATHS = (
					"$(inherited)",
					"@executable_path/Frameworks",
					"@loader_path/Frameworks",
				);
				PRODUCT_BUNDLE_IDENTIFIER = network.pokt.PocketEthTests;
				PRODUCT_NAME = "$(TARGET_NAME)";
				SWIFT_VERSION = 4.0;
				TARGETED_DEVICE_FAMILY = "1,2";
				TEST_HOST = "$(BUILT_PRODUCTS_DIR)/PocketEth.app/PocketEth";
			};
			name = Debug;
		};
		10BF3EBD20D1979600B29FCF /* Release */ = {
			isa = XCBuildConfiguration;
			baseConfigurationReference = F5C54E2BEC1A07DFB5D9B30B /* Pods-PocketEthTests.release.xcconfig */;
			buildSettings = {
				ALWAYS_EMBED_SWIFT_STANDARD_LIBRARIES = YES;
				BUNDLE_LOADER = "$(TEST_HOST)";
				CODE_SIGN_STYLE = Automatic;
				INFOPLIST_FILE = PocketEthTests/Info.plist;
				LD_RUNPATH_SEARCH_PATHS = (
					"$(inherited)",
					"@executable_path/Frameworks",
					"@loader_path/Frameworks",
				);
				PRODUCT_BUNDLE_IDENTIFIER = network.pokt.PocketEthTests;
				PRODUCT_NAME = "$(TARGET_NAME)";
				SWIFT_VERSION = 4.0;
				TARGETED_DEVICE_FAMILY = "1,2";
				TEST_HOST = "$(BUILT_PRODUCTS_DIR)/PocketEth.app/PocketEth";
			};
			name = Release;
		};
/* End XCBuildConfiguration section */

/* Begin XCConfigurationList section */
		10BF3E9620D1979400B29FCF /* Build configuration list for PBXProject "PocketEth" */ = {
			isa = XCConfigurationList;
			buildConfigurations = (
				10BF3EB620D1979600B29FCF /* Debug */,
				10BF3EB720D1979600B29FCF /* Release */,
			);
			defaultConfigurationIsVisible = 0;
			defaultConfigurationName = Release;
		};
		10BF3EB820D1979600B29FCF /* Build configuration list for PBXNativeTarget "PocketEth" */ = {
			isa = XCConfigurationList;
			buildConfigurations = (
				10BF3EB920D1979600B29FCF /* Debug */,
				10BF3EBA20D1979600B29FCF /* Release */,
			);
			defaultConfigurationIsVisible = 0;
			defaultConfigurationName = Release;
		};
		10BF3EBB20D1979600B29FCF /* Build configuration list for PBXNativeTarget "PocketEthTests" */ = {
			isa = XCConfigurationList;
			buildConfigurations = (
				10BF3EBC20D1979600B29FCF /* Debug */,
				10BF3EBD20D1979600B29FCF /* Release */,
			);
			defaultConfigurationIsVisible = 0;
			defaultConfigurationName = Release;
		};
/* End XCConfigurationList section */
	};
	rootObject = 10BF3E9320D1979400B29FCF /* Project object */;
}
